
Microsoft Visual Studio Solution File, Format Version 12.00
# Visual Studio Version 17
VisualStudioVersion = 17.13.35913.81
MinimumVisualStudioVersion = 10.0.40219.1
Project("{FAE04EC0-301F-11D3-BF4B-00C04F79EFBC}") = "App", "App\App.csproj", "{9FDDCAE8-838F-461D-B3F6-DCA54C8C6CB3}"
EndProject
Project("{FAE04EC0-301F-11D3-BF4B-00C04F79EFBC}") = "Front", "Front\Front.csproj", "{93268A66-9D58-4D16-9E6E-504090CC2020}"
EndProject
Project("{FAE04EC0-301F-11D3-BF4B-00C04F79EFBC}") = "BackEnd", "BackEnd\BackEnd.csproj", "{063D6292-1846-45B9-9FF9-870B678CFE13}"
EndProject
Global
	GlobalSection(SolutionConfigurationPlatforms) = preSolution
		Debug|Any CPU = Debug|Any CPU
		Release|Any CPU = Release|Any CPU
	EndGlobalSection
	GlobalSection(ProjectConfigurationPlatforms) = postSolution
		{9FDDCAE8-838F-461D-B3F6-DCA54C8C6CB3}.Debug|Any CPU.ActiveCfg = Debug|Any CPU
		{9FDDCAE8-838F-461D-B3F6-DCA54C8C6CB3}.Debug|Any CPU.Build.0 = Debug|Any CPU
		{9FDDCAE8-838F-461D-B3F6-DCA54C8C6CB3}.Release|Any CPU.ActiveCfg = Release|Any CPU
		{9FDDCAE8-838F-461D-B3F6-DCA54C8C6CB3}.Release|Any CPU.Build.0 = Release|Any CPU
		{93268A66-9D58-4D16-9E6E-504090CC2020}.Debug|Any CPU.ActiveCfg = Debug|Any CPU
		{93268A66-9D58-4D16-9E6E-504090CC2020}.Debug|Any CPU.Build.0 = Debug|Any CPU
		{93268A66-9D58-4D16-9E6E-504090CC2020}.Release|Any CPU.ActiveCfg = Release|Any CPU
		{93268A66-9D58-4D16-9E6E-504090CC2020}.Release|Any CPU.Build.0 = Release|Any CPU
		{063D6292-1846-45B9-9FF9-870B678CFE13}.Debug|Any CPU.ActiveCfg = Debug|Any CPU
		{063D6292-1846-45B9-9FF9-870B678CFE13}.Debug|Any CPU.Build.0 = Debug|Any CPU
		{063D6292-1846-45B9-9FF9-870B678CFE13}.Release|Any CPU.ActiveCfg = Release|Any CPU
		{063D6292-1846-45B9-9FF9-870B678CFE13}.Release|Any CPU.Build.0 = Release|Any CPU
	EndGlobalSection
	GlobalSection(SolutionProperties) = preSolution
		HideSolutionNode = FALSE
	EndGlobalSection
	GlobalSection(ExtensibilityGlobals) = postSolution
		SolutionGuid = {BE6B6FBB-2CEB-47A4-8BC4-8C0C68307F94}
	EndGlobalSection
EndGlobal
